
Microsoft Visual Studio Solution File, Format Version 12.00
# Visual Studio 15
VisualStudioVersion = 15.0.28010.2026
MinimumVisualStudioVersion = 10.0.40219.1
Project("{FAE04EC0-301F-11D3-BF4B-00C04F79EFBC}") = "NET Proxy", "NET Proxy\NET Proxy.csproj", "{4693E8F0-1C96-4E47-AA19-7A93151BA7E5}"
EndProject
Global
	GlobalSection(SolutionConfigurationPlatforms) = preSolution
		Debug|Any CPU = Debug|Any CPU
		Release|Any CPU = Release|Any CPU
	EndGlobalSection
	GlobalSection(ProjectConfigurationPlatforms) = postSolution
		{4693E8F0-1C96-4E47-AA19-7A93151BA7E5}.Debug|Any CPU.ActiveCfg = Debug|Any CPU
		{4693E8F0-1C96-4E47-AA19-7A93151BA7E5}.Debug|Any CPU.Build.0 = Debug|Any CPU
		{4693E8F0-1C96-4E47-AA19-7A93151BA7E5}.Release|Any CPU.ActiveCfg = Release|Any CPU
		{4693E8F0-1C96-4E47-AA19-7A93151BA7E5}.Release|Any CPU.Build.0 = Release|Any CPU
	EndGlobalSection
	GlobalSection(SolutionProperties) = preSolution
		HideSolutionNode = FALSE
	EndGlobalSection
	GlobalSection(ExtensibilityGlobals) = postSolution
		SolutionGuid = {E9996FE8-44CB-47DC-8F27-C3E83FFEF619}
	EndGlobalSection
EndGlobal
